
Microsoft Visual Studio Solution File, Format Version 12.00
# Visual Studio Version 16
VisualStudioVersion = 16.0.31205.134
MinimumVisualStudioVersion = 10.0.40219.1
Project("{9A19103F-16F7-4668-BE54-9A1E7A4F7556}") = "OrangedataRequest.Example", "OrangedataRequest.Example.csproj", "{8D289593-A7D9-4799-BBA6-9F1DC8F74D58}"
EndProject
Project("{9A19103F-16F7-4668-BE54-9A1E7A4F7556}") = "OrangedataRequest", "..\OrangedataRequest\OrangedataRequest.csproj", "{F9BCDF4B-8B25-4F5E-BC76-946698EE11C6}"
EndProject
Global
	GlobalSection(SolutionConfigurationPlatforms) = preSolution
		Debug|Any CPU = Debug|Any CPU
		Release|Any CPU = Release|Any CPU
	EndGlobalSection
	GlobalSection(ProjectConfigurationPlatforms) = postSolution
		{8D289593-A7D9-4799-BBA6-9F1DC8F74D58}.Debug|Any CPU.ActiveCfg = Debug|Any CPU
		{8D289593-A7D9-4799-BBA6-9F1DC8F74D58}.Debug|Any CPU.Build.0 = Debug|Any CPU
		{8D289593-A7D9-4799-BBA6-9F1DC8F74D58}.Release|Any CPU.ActiveCfg = Release|Any CPU
		{8D289593-A7D9-4799-BBA6-9F1DC8F74D58}.Release|Any CPU.Build.0 = Release|Any CPU
		{F9BCDF4B-8B25-4F5E-BC76-946698EE11C6}.Debug|Any CPU.ActiveCfg = Debug|Any CPU
		{F9BCDF4B-8B25-4F5E-BC76-946698EE11C6}.Debug|Any CPU.Build.0 = Debug|Any CPU
		{F9BCDF4B-8B25-4F5E-BC76-946698EE11C6}.Release|Any CPU.ActiveCfg = Release|Any CPU
		{F9BCDF4B-8B25-4F5E-BC76-946698EE11C6}.Release|Any CPU.Build.0 = Release|Any CPU
	EndGlobalSection
	GlobalSection(SolutionProperties) = preSolution
		HideSolutionNode = FALSE
	EndGlobalSection
	GlobalSection(ExtensibilityGlobals) = postSolution
		SolutionGuid = {3D2AFA70-5534-4F1B-B3C7-D8AD9F015529}
	EndGlobalSection
EndGlobal
